
Microsoft Visual Studio Solution File, Format Version 12.00
# Visual Studio Version 17
VisualStudioVersion = 17.0.32126.317
MinimumVisualStudioVersion = 10.0.40219.1
Project("{FAE04EC0-301F-11D3-BF4B-00C04F79EFBC}") = "WebApplicationEmployes", "WebApplicationEmployes\WebApplicationEmployes.csproj", "{7DC03A4B-2D00-43F3-81FB-107BCA22021C}"
EndProject
Global
	GlobalSection(SolutionConfigurationPlatforms) = preSolution
		Debug|Any CPU = Debug|Any CPU
		Release|Any CPU = Release|Any CPU
	EndGlobalSection
	GlobalSection(ProjectConfigurationPlatforms) = postSolution
		{7DC03A4B-2D00-43F3-81FB-107BCA22021C}.Debug|Any CPU.ActiveCfg = Debug|Any CPU
		{7DC03A4B-2D00-43F3-81FB-107BCA22021C}.Debug|Any CPU.Build.0 = Debug|Any CPU
		{7DC03A4B-2D00-43F3-81FB-107BCA22021C}.Release|Any CPU.ActiveCfg = Release|Any CPU
		{7DC03A4B-2D00-43F3-81FB-107BCA22021C}.Release|Any CPU.Build.0 = Release|Any CPU
	EndGlobalSection
	GlobalSection(SolutionProperties) = preSolution
		HideSolutionNode = FALSE
	EndGlobalSection
	GlobalSection(ExtensibilityGlobals) = postSolution
		SolutionGuid = {3D349313-C110-405E-B9E6-CDB6E7B47719}
	EndGlobalSection
EndGlobal
